<?xml version="1.0" encoding="utf-8"?>
<Project ToolsVersion="4.0" xmlns="http://schemas.microsoft.com/developer/msbuild/2003">
  <ItemGroup>
    <ClCompile Include="IPlugin.cpp">
      <Filter>textPlugins</Filter>
    </ClCompile>
    <ClCompile Include="IPlugin.ixx">
      <Filter>textPlugins</Filter>
    </ClCompile>
    <ClCompile Include="ITranslator.ixx">
      <Filter>filePlugins</Filter>
    </ClCompile>
    <ClCompile Include="ITranslator.cpp">
      <Filter>filePlugins</Filter>
    </ClCompile>
    <ClCompile Include="EpubTranslator.ixx">
      <Filter>filePlugins</Filter>
    </ClCompile>
    <ClCompile Include="TextLinebreakFix.ixx">
      <Filter>textPlugins</Filter>
    </ClCompile>
    <ClCompile Include="TextPostFull2Half.ixx">
      <Filter>textPlugins</Filter>
    </ClCompile>
    <ClCompile Include="NormalJsonTranslator.ixx">
      <Filter>filePlugins</Filter>
    </ClCompile>
    <ClCompile Include="APIPool.ixx">
      <Filter>Source</Filter>
    </ClCompile>
    <ClCompile Include="Dictionary.ixx">
      <Filter>Source</Filter>
    </ClCompile>
    <ClCompile Include="DictionaryGenerator.ixx">
      <Filter>Source</Filter>
    </ClCompile>
    <ClCompile Include="ProblemAnalyzer.ixx">
      <Filter>Source</Filter>
    </ClCompile>
    <ClCompile Include="Tool.ixx">
      <Filter>Source</Filter>
    </ClCompile>
  </ItemGroup>
  <ItemGroup>
    <Filter Include="filePlugins">
      <UniqueIdentifier>{92ad8b24-7cf7-47e1-998d-a8327dbbc3cb}</UniqueIdentifier>
    </Filter>
    <Filter Include="textPlugins">
      <UniqueIdentifier>{37fcb97f-7dfc-4f79-a33f-66e8e440d1d9}</UniqueIdentifier>
    </Filter>
    <Filter Include="Source">
      <UniqueIdentifier>{be76689c-5c70-4419-87f1-e4fa81fa2b9d}</UniqueIdentifier>
    </Filter>
  </ItemGroup>
</Project>