<?xml version="1.0" encoding="utf-8"?>
<Project ToolsVersion="4.0" xmlns="http://schemas.microsoft.com/developer/msbuild/2003">
  <ItemGroup>
    <ClCompile Include="IPlugin.ixx">
      <Filter>TextPlugins</Filter>
    </ClCompile>
    <ClCompile Include="EpubTranslator.ixx">
      <Filter>FilePlugins</Filter>
    </ClCompile>
    <ClCompile Include="TextLinebreakFix.ixx">
      <Filter>TextPlugins</Filter>
    </ClCompile>
    <ClCompile Include="ApiPool.ixx">
      <Filter>Tools</Filter>
    </ClCompile>
    <ClCompile Include="Dictionary.ixx">
      <Filter>Tools</Filter>
    </ClCompile>
    <ClCompile Include="ProblemAnalyzer.ixx">
      <Filter>Tools</Filter>
    </ClCompile>
    <ClCompile Include="AgentToolCommon.cpp">
      <Filter>Tools\Utils</Filter>
    </ClCompile>
    <ClCompile Include="AgentToolCommon.ixx">
      <Filter>Tools\Utils</Filter>
    </ClCompile>
    <ClCompile Include="AgentCommonSourceView.cpp">
      <Filter>Tools\Utils</Filter>
    </ClCompile>
    <ClCompile Include="AgentCommonSourceView.ixx">
      <Filter>Tools\Utils</Filter>
    </ClCompile>
    <ClCompile Include="PDFTranslator.ixx">
      <Filter>FilePlugins</Filter>
    </ClCompile>
    <ClCompile Include="PythonManager.ixx">
      <Filter>Tools</Filter>
    </ClCompile>
    <ClCompile Include="CodePageChecker.ixx">
      <Filter>Tools\Utils</Filter>
    </ClCompile>
    <ClCompile Include="CodePageChecker.cpp">
      <Filter>Tools\Utils</Filter>
    </ClCompile>
    <ClCompile Include="SkipTrans.ixx">
      <Filter>TextPlugins</Filter>
    </ClCompile>
    <ClCompile Include="LuaManager.ixx">
      <Filter>Tools</Filter>
    </ClCompile>
    <ClCompile Include="ConditionTool.ixx">
      <Filter>Tools\Utils</Filter>
    </ClCompile>
    <ClCompile Include="PythonManager.cpp">
      <Filter>Tools</Filter>
    </ClCompile>
    <ClCompile Include="LuaManager.cpp">
      <Filter>Tools</Filter>
    </ClCompile>
    <ClCompile Include="LuaTranslator.ixx">
      <Filter>FilePlugins</Filter>
    </ClCompile>
    <ClCompile Include="PythonTranslator.ixx">
      <Filter>FilePlugins</Filter>
    </ClCompile>
    <ClCompile Include="NLPTool.ixx">
      <Filter>Tools\Utils</Filter>
    </ClCompile>
    <ClCompile Include="LuaTextPlugin.ixx">
      <Filter>TextPlugins</Filter>
    </ClCompile>
    <ClCompile Include="IPlugin.cpp">
      <Filter>TextPlugins</Filter>
    </ClCompile>
    <ClCompile Include="PythonTextPlugin.ixx">
      <Filter>TextPlugins</Filter>
    </ClCompile>
    <ClCompile Include="ITranslator.ixx">
      <Filter>FilePlugins</Filter>
    </ClCompile>
    <ClCompile Include="ITranslator.cpp">
      <Filter>FilePlugins</Filter>
    </ClCompile>
    <ClCompile Include="Tool.cpp">
      <Filter>Tools\Utils</Filter>
    </ClCompile>
    <ClCompile Include="NameTranslator.ixx">
      <Filter>Tools</Filter>
    </ClCompile>
    <ClCompile Include="NNetLanguageIdentifierWrapper.cpp">
      <Filter>Tools\Utils</Filter>
    </ClCompile>
    <ClCompile Include="NNetLanguageIdentifierWrapper.ixx">
      <Filter>Tools\Utils</Filter>
    </ClCompile>
    <ClCompile Include="Tool.ixx">
      <Filter>Tools\Utils</Filter>
    </ClCompile>
    <ClCompile Include="TextFull2Half.ixx">
      <Filter>TextPlugins</Filter>
    </ClCompile>
    <ClCompile Include="Dictionary.cpp">
      <Filter>Tools</Filter>
    </ClCompile>
    <ClCompile Include="NLPTool.cpp">
      <Filter>Tools\Utils</Filter>
    </ClCompile>
    <ClCompile Include="TextLinebreakFix.cpp">
      <Filter>TextPlugins</Filter>
    </ClCompile>
    <ClCompile Include="ApiPool.cpp">
      <Filter>Tools</Filter>
    </ClCompile>
    <ClCompile Include="EpubTranslator.cpp">
      <Filter>FilePlugins</Filter>
    </ClCompile>
    <ClCompile Include="ProblemAnalyzer.cpp">
      <Filter>Tools</Filter>
    </ClCompile>
    <ClCompile Include="PDFTranslator.cpp">
      <Filter>FilePlugins</Filter>
    </ClCompile>
    <ClCompile Include="LuaTextPlugin.cpp">
      <Filter>TextPlugins</Filter>
    </ClCompile>
    <ClCompile Include="PythonTextPlugin.cpp">
      <Filter>TextPlugins</Filter>
    </ClCompile>
    <ClCompile Include="SkipTrans.cpp">
      <Filter>TextPlugins</Filter>
    </ClCompile>
    <ClCompile Include="TextFull2Half.cpp">
      <Filter>TextPlugins</Filter>
    </ClCompile>
    <ClCompile Include="NameTranslator.cpp">
      <Filter>Tools</Filter>
    </ClCompile>
    <ClCompile Include="NormalJsonTranslator.TransAgent.cpp">
      <Filter>FilePlugins\NormalJsonTranslator</Filter>
    </ClCompile>
    <ClCompile Include="NormalJsonTranslator.TransAgent.ixx">
      <Filter>FilePlugins\NormalJsonTranslator</Filter>
    </ClCompile>
    <ClCompile Include="NormalJsonTranslator.Batch.cpp">
      <Filter>FilePlugins\NormalJsonTranslator</Filter>
    </ClCompile>
    <ClCompile Include="NormalJsonTranslator.Core.cpp">
      <Filter>FilePlugins\NormalJsonTranslator</Filter>
    </ClCompile>
    <ClCompile Include="NormalJsonTranslator.File.cpp">
      <Filter>FilePlugins\NormalJsonTranslator</Filter>
    </ClCompile>
    <ClCompile Include="NormalJsonTranslator.Run.cpp">
      <Filter>FilePlugins\NormalJsonTranslator</Filter>
    </ClCompile>
    <ClCompile Include="NormalJsonTranslator.ixx">
      <Filter>FilePlugins\NormalJsonTranslator</Filter>
    </ClCompile>
    <ClCompile Include="DictionaryGenerator.cpp">
      <Filter>Tools\DictionaryGenerator</Filter>
    </ClCompile>
    <ClCompile Include="DictionaryGenerator.ixx">
      <Filter>Tools\DictionaryGenerator</Filter>
    </ClCompile>
    <ClCompile Include="DictionaryGenerator.ReviewAgent.cpp">
      <Filter>Tools\DictionaryGenerator</Filter>
    </ClCompile>
    <ClCompile Include="DictionaryGenerator.ReviewAgent.ixx">
      <Filter>Tools\DictionaryGenerator</Filter>
    </ClCompile>
    <ClCompile Include="DictionaryReviewIndex.cpp">
      <Filter>Tools\DictionaryGenerator</Filter>
    </ClCompile>
    <ClCompile Include="DictionaryReviewIndex.ixx">
      <Filter>Tools\DictionaryGenerator</Filter>
    </ClCompile>
    <ClCompile Include="NormalJsonTranslatorHelperTool.cpp">
      <Filter>Tools\Utils</Filter>
    </ClCompile>
    <ClCompile Include="NornalJsonTranslatorHelperTool.ixx">
      <Filter>Tools\Utils</Filter>
    </ClCompile>
    <ClCompile Include="PDFTool.cpp">
      <Filter>Tools\Utils</Filter>
    </ClCompile>
    <ClCompile Include="PDFTool.ixx">
      <Filter>Tools\Utils</Filter>
    </ClCompile>
    <ClCompile Include="GPPDefines.ixx">
      <Filter>Tools</Filter>
    </ClCompile>
    <ClCompile Include="GPPDefines.cpp">
      <Filter>Tools</Filter>
    </ClCompile>
    <ClCompile Include="GPPI18n.ixx">
      <Filter>Tools</Filter>
    </ClCompile>
    <ClCompile Include="SafeQueue.ixx">
      <Filter>Tools\Utils</Filter>
    </ClCompile>
    <ClCompile Include="ApiTool.cpp">
      <Filter>Tools\Utils</Filter>
    </ClCompile>
    <ClCompile Include="ApiTool.ixx">
      <Filter>Tools\Utils</Filter>
    </ClCompile>
    <ClCompile Include="..\3rdParty\3rdModule\AbslContainers.ixx">
      <Filter>Tools\Utils\3rdParty</Filter>
    </ClCompile>
    <ClCompile Include="..\3rdParty\3rdModule\json.ixx">
      <Filter>Tools\Utils\3rdParty</Filter>
    </ClCompile>
    <ClCompile Include="..\3rdParty\3rdModule\spdlog.ixx">
      <Filter>Tools\Utils\3rdParty</Filter>
    </ClCompile>
    <ClCompile Include="..\3rdParty\3rdModule\jpcre2\jpcre2.ixx">
      <Filter>Tools\Utils\3rdParty</Filter>
    </ClCompile>
    <ClCompile Include="..\3rdParty\3rdModule\utf8cpp.ixx">
      <Filter>Tools\Utils\3rdParty</Filter>
    </ClCompile>
    <ClCompile Include="..\3rdParty\3rdModule\boost.ixx">
      <Filter>Tools\Utils\3rdParty</Filter>
    </ClCompile>
    <ClCompile Include="..\3rdParty\3rdModule\ctpl_stl.ixx">
      <Filter>Tools\Utils\3rdParty</Filter>
    </ClCompile>
    <ClCompile Include="base64.cpp">
      <Filter>Tools\Utils\3rdParty</Filter>
    </ClCompile>
  </ItemGroup>
  <ItemGroup>
    <Filter Include="Tools">
      <UniqueIdentifier>{be76689c-5c70-4419-87f1-e4fa81fa2b9d}</UniqueIdentifier>
    </Filter>
    <Filter Include="Tools\Utils">
      <UniqueIdentifier>{a59529ed-a8a2-4ef2-810b-aeeefe790343}</UniqueIdentifier>
    </Filter>
    <Filter Include="Tools\DictionaryGenerator">
      <UniqueIdentifier>{ccbf815e-31b1-4b96-9a48-a775c055245b}</UniqueIdentifier>
    </Filter>
    <Filter Include="Tools\Utils\3rdParty">
      <UniqueIdentifier>{3a779742-8f1a-46e7-955f-0988b836e907}</UniqueIdentifier>
    </Filter>
    <Filter Include="Translation Files">
      <UniqueIdentifier>{30b15c5b-bd56-4b8c-9e46-7c765f355cec}</UniqueIdentifier>
    </Filter>
    <Filter Include="FilePlugins">
      <UniqueIdentifier>{92ad8b24-7cf7-47e1-998d-a8327dbbc3cb}</UniqueIdentifier>
    </Filter>
    <Filter Include="FilePlugins\NormalJsonTranslator">
      <UniqueIdentifier>{a41ce28e-4b90-422b-afee-9f30153d608d}</UniqueIdentifier>
    </Filter>
    <Filter Include="TextPlugins">
      <UniqueIdentifier>{37fcb97f-7dfc-4f79-a33f-66e8e440d1d9}</UniqueIdentifier>
    </Filter>
  </ItemGroup>
  <ItemGroup>
    <ClInclude Include="GPPMacros.hpp">
      <Filter>Tools</Filter>
    </ClInclude>
  </ItemGroup>
  <ItemGroup>
    <QtTranslation Include="qt_gpp_en.ts">
      <Filter>Translation Files</Filter>
    </QtTranslation>
  </ItemGroup>
</Project>